
Microsoft Visual Studio Solution File, Format Version 12.00
# Visual Studio Version 16
VisualStudioVersion = 16.0.29215.179
MinimumVisualStudioVersion = 10.0.40219.1
Project("{FAE04EC0-301F-11D3-BF4B-00C04F79EFBC}") = "controlOne", "controlOne.csproj", "{2518323A-606E-4250-8B9D-33A57D0017D7}"
EndProject
Global
	GlobalSection(SolutionConfigurationPlatforms) = preSolution
		Debug|Any CPU = Debug|Any CPU
		Release|Any CPU = Release|Any CPU
	EndGlobalSection
	GlobalSection(ProjectConfigurationPlatforms) = postSolution
		{2518323A-606E-4250-8B9D-33A57D0017D7}.Debug|Any CPU.ActiveCfg = Debug|Any CPU
		{2518323A-606E-4250-8B9D-33A57D0017D7}.Debug|Any CPU.Build.0 = Debug|Any CPU
		{2518323A-606E-4250-8B9D-33A57D0017D7}.Release|Any CPU.ActiveCfg = Release|Any CPU
		{2518323A-606E-4250-8B9D-33A57D0017D7}.Release|Any CPU.Build.0 = Release|Any CPU
	EndGlobalSection
	GlobalSection(SolutionProperties) = preSolution
		HideSolutionNode = FALSE
	EndGlobalSection
	GlobalSection(ExtensibilityGlobals) = postSolution
		SolutionGuid = {40173B92-B1E5-427B-B4D5-F9C60E55A72F}
	EndGlobalSection
EndGlobal
